// !$*UTF8*$!
{
	archiveVersion = 1;
	classes = {
	};
	objectVersion = 51;
	objects = {

/* Begin PBXBuildFile section */
		4DF379209D33CDF39E34CD2A /* Pods_eshopTests.framework in Frameworks */ = {isa = PBXBuildFile; fileRef = CEA5E825975114FED9F75367 /* Pods_eshopTests.framework */; };
		AB296C5B06704FDDFABF0BE3 /* Pods_eshop.framework in Frameworks */ = {isa = PBXBuildFile; fileRef = 0A07F44A0A83193C559C1879 /* Pods_eshop.framework */; };
		B10CD65F26653CB200EA124A /* ItemTableViewCell.swift in Sources */ = {isa = PBXBuildFile; fileRef = B10CD65E26653CB200EA124A /* ItemTableViewCell.swift */; };
		B10CD6612667AF0E00EA124A /* HelperFunctions.swift in Sources */ = {isa = PBXBuildFile; fileRef = B10CD6602667AF0E00EA124A /* HelperFunctions.swift */; };
		B10CD6632667B5FA00EA124A /* ItemViewController.swift in Sources */ = {isa = PBXBuildFile; fileRef = B10CD6622667B5FA00EA124A /* ItemViewController.swift */; };
		B10CD6652667CAB000EA124A /* ImageCollectionViewCell.swift in Sources */ = {isa = PBXBuildFile; fileRef = B10CD6642667CAB000EA124A /* ImageCollectionViewCell.swift */; };
		B10CD66726689E5700EA124A /* Basket.swift in Sources */ = {isa = PBXBuildFile; fileRef = B10CD66626689E5700EA124A /* Basket.swift */; };
		B1DB3266266133F00013614F /* CategoryCollectionViewController.swift in Sources */ = {isa = PBXBuildFile; fileRef = B1DB3265266133F00013614F /* CategoryCollectionViewController.swift */; };
		B1DB3268266135640013614F /* CategoryCollectionViewCell.swift in Sources */ = {isa = PBXBuildFile; fileRef = B1DB3267266135640013614F /* CategoryCollectionViewCell.swift */; };
		B1DB326A2661375F0013614F /* GoogleService-Info.plist in Resources */ = {isa = PBXBuildFile; fileRef = B1DB32692661375F0013614F /* GoogleService-Info.plist */; };
		B1DB326C2661399B0013614F /* FirebaseCollectionReference.swift in Sources */ = {isa = PBXBuildFile; fileRef = B1DB326B2661399B0013614F /* FirebaseCollectionReference.swift */; };
		B1DB326E266147350013614F /* GoogleService-Info.plist in Resources */ = {isa = PBXBuildFile; fileRef = B1DB326D266147350013614F /* GoogleService-Info.plist */; };
		B1DB32732662382B0013614F /* Category.swift in Sources */ = {isa = PBXBuildFile; fileRef = B1DB32722662382B0013614F /* Category.swift */; };
		B1DB3276266240FC0013614F /* Constants.swift in Sources */ = {isa = PBXBuildFile; fileRef = B1DB3275266240FC0013614F /* Constants.swift */; };
		B1DB327C2663512B0013614F /* ItemsTableViewController.swift in Sources */ = {isa = PBXBuildFile; fileRef = B1DB327B2663512B0013614F /* ItemsTableViewController.swift */; };
		B1DB327E26636EFE0013614F /* Item.swift in Sources */ = {isa = PBXBuildFile; fileRef = B1DB327D26636EFE0013614F /* Item.swift */; };
		B1DB328026639DC30013614F /* AddItemViewController.swift in Sources */ = {isa = PBXBuildFile; fileRef = B1DB327F26639DC30013614F /* AddItemViewController.swift */; };
		B1DB328226646BED0013614F /* Reachability.swift in Sources */ = {isa = PBXBuildFile; fileRef = B1DB328126646BED0013614F /* Reachability.swift */; };
		B1DB328426646C110013614F /* Downloader.swift in Sources */ = {isa = PBXBuildFile; fileRef = B1DB328326646C110013614F /* Downloader.swift */; };
		B1E75611265FD11C0072EEFB /* AppDelegate.swift in Sources */ = {isa = PBXBuildFile; fileRef = B1E75610265FD11C0072EEFB /* AppDelegate.swift */; };
		B1E75613265FD11C0072EEFB /* SceneDelegate.swift in Sources */ = {isa = PBXBuildFile; fileRef = B1E75612265FD11C0072EEFB /* SceneDelegate.swift */; };
		B1E75618265FD11C0072EEFB /* Main.storyboard in Resources */ = {isa = PBXBuildFile; fileRef = B1E75616265FD11C0072EEFB /* Main.storyboard */; };
		B1E7561A265FD11F0072EEFB /* Assets.xcassets in Resources */ = {isa = PBXBuildFile; fileRef = B1E75619265FD11F0072EEFB /* Assets.xcassets */; };
		B1E7561D265FD11F0072EEFB /* LaunchScreen.storyboard in Resources */ = {isa = PBXBuildFile; fileRef = B1E7561B265FD11F0072EEFB /* LaunchScreen.storyboard */; };
		B1E75628265FD11F0072EEFB /* eshopTests.swift in Sources */ = {isa = PBXBuildFile; fileRef = B1E75627265FD11F0072EEFB /* eshopTests.swift */; };
		B1E75633265FD11F0072EEFB /* eshopUITests.swift in Sources */ = {isa = PBXBuildFile; fileRef = B1E75632265FD11F0072EEFB /* eshopUITests.swift */; };
		C7BF8CE3E61F35350237D939 /* Pods_eshop_eshopUITests.framework in Frameworks */ = {isa = PBXBuildFile; fileRef = 2DE681F088DFFF6771CFCBE8 /* Pods_eshop_eshopUITests.framework */; };
/* End PBXBuildFile section */

/* Begin PBXContainerItemProxy section */
		B1E75624265FD11F0072EEFB /* PBXContainerItemProxy */ = {
			isa = PBXContainerItemProxy;
			containerPortal = B1E75605265FD11C0072EEFB /* Project object */;
			proxyType = 1;
			remoteGlobalIDString = B1E7560C265FD11C0072EEFB;
			remoteInfo = eshop;
		};
		B1E7562F265FD11F0072EEFB /* PBXContainerItemProxy */ = {
			isa = PBXContainerItemProxy;
			containerPortal = B1E75605265FD11C0072EEFB /* Project object */;
			proxyType = 1;
			remoteGlobalIDString = B1E7560C265FD11C0072EEFB;
			remoteInfo = eshop;
		};
/* End PBXContainerItemProxy section */

/* Begin PBXFileReference section */
		0A07F44A0A83193C559C1879 /* Pods_eshop.framework */ = {isa = PBXFileReference; explicitFileType = wrapper.framework; includeInIndex = 0; path = Pods_eshop.framework; sourceTree = BUILT_PRODUCTS_DIR; };
		0C9DB7A0C474DB7FAFAF4BCD /* Pods-eshop-eshopUITests.release.xcconfig */ = {isa = PBXFileReference; includeInIndex = 1; lastKnownFileType = text.xcconfig; name = "Pods-eshop-eshopUITests.release.xcconfig"; path = "Target Support Files/Pods-eshop-eshopUITests/Pods-eshop-eshopUITests.release.xcconfig"; sourceTree = "<group>"; };
		2DE681F088DFFF6771CFCBE8 /* Pods_eshop_eshopUITests.framework */ = {isa = PBXFileReference; explicitFileType = wrapper.framework; includeInIndex = 0; path = Pods_eshop_eshopUITests.framework; sourceTree = BUILT_PRODUCTS_DIR; };
		3BFDB411281A6F769C5B63B1 /* Pods-eshopTests.debug.xcconfig */ = {isa = PBXFileReference; includeInIndex = 1; lastKnownFileType = text.xcconfig; name = "Pods-eshopTests.debug.xcconfig"; path = "Target Support Files/Pods-eshopTests/Pods-eshopTests.debug.xcconfig"; sourceTree = "<group>"; };
		7102C166BF2A3CE2508A3B3B /* Pods-eshop.debug.xcconfig */ = {isa = PBXFileReference; includeInIndex = 1; lastKnownFileType = text.xcconfig; name = "Pods-eshop.debug.xcconfig"; path = "Target Support Files/Pods-eshop/Pods-eshop.debug.xcconfig"; sourceTree = "<group>"; };
		7C8B29F38863A200EFD967FC /* Pods-eshop-eshopUITests.debug.xcconfig */ = {isa = PBXFileReference; includeInIndex = 1; lastKnownFileType = text.xcconfig; name = "Pods-eshop-eshopUITests.debug.xcconfig"; path = "Target Support Files/Pods-eshop-eshopUITests/Pods-eshop-eshopUITests.debug.xcconfig"; sourceTree = "<group>"; };
		949FF84602BB53BC52CC33BE /* Pods-eshop.release.xcconfig */ = {isa = PBXFileReference; includeInIndex = 1; lastKnownFileType = text.xcconfig; name = "Pods-eshop.release.xcconfig"; path = "Target Support Files/Pods-eshop/Pods-eshop.release.xcconfig"; sourceTree = "<group>"; };
		B10CD65E26653CB200EA124A /* ItemTableViewCell.swift */ = {isa = PBXFileReference; lastKnownFileType = sourcecode.swift; path = ItemTableViewCell.swift; sourceTree = "<group>"; };
		B10CD6602667AF0E00EA124A /* HelperFunctions.swift */ = {isa = PBXFileReference; lastKnownFileType = sourcecode.swift; path = HelperFunctions.swift; sourceTree = "<group>"; };
		B10CD6622667B5FA00EA124A /* ItemViewController.swift */ = {isa = PBXFileReference; lastKnownFileType = sourcecode.swift; path = ItemViewController.swift; sourceTree = "<group>"; };
		B10CD6642667CAB000EA124A /* ImageCollectionViewCell.swift */ = {isa = PBXFileReference; lastKnownFileType = sourcecode.swift; path = ImageCollectionViewCell.swift; sourceTree = "<group>"; };
		B10CD66626689E5700EA124A /* Basket.swift */ = {isa = PBXFileReference; lastKnownFileType = sourcecode.swift; path = Basket.swift; sourceTree = "<group>"; };
		B1DB3265266133F00013614F /* CategoryCollectionViewController.swift */ = {isa = PBXFileReference; lastKnownFileType = sourcecode.swift; path = CategoryCollectionViewController.swift; sourceTree = "<group>"; };
		B1DB3267266135640013614F /* CategoryCollectionViewCell.swift */ = {isa = PBXFileReference; lastKnownFileType = sourcecode.swift; path = CategoryCollectionViewCell.swift; sourceTree = "<group>"; };
		B1DB32692661375F0013614F /* GoogleService-Info.plist */ = {isa = PBXFileReference; fileEncoding = 4; lastKnownFileType = text.plist.xml; path = "GoogleService-Info.plist"; sourceTree = "<group>"; };
		B1DB326B2661399B0013614F /* FirebaseCollectionReference.swift */ = {isa = PBXFileReference; lastKnownFileType = sourcecode.swift; path = FirebaseCollectionReference.swift; sourceTree = "<group>"; };
		B1DB326D266147350013614F /* GoogleService-Info.plist */ = {isa = PBXFileReference; fileEncoding = 4; lastKnownFileType = text.plist.xml; path = "GoogleService-Info.plist"; sourceTree = "<group>"; };
		B1DB32722662382B0013614F /* Category.swift */ = {isa = PBXFileReference; lastKnownFileType = sourcecode.swift; path = Category.swift; sourceTree = "<group>"; };
		B1DB3275266240FC0013614F /* Constants.swift */ = {isa = PBXFileReference; lastKnownFileType = sourcecode.swift; path = Constants.swift; sourceTree = "<group>"; };
		B1DB327B2663512B0013614F /* ItemsTableViewController.swift */ = {isa = PBXFileReference; lastKnownFileType = sourcecode.swift; path = ItemsTableViewController.swift; sourceTree = "<group>"; };
		B1DB327D26636EFE0013614F /* Item.swift */ = {isa = PBXFileReference; lastKnownFileType = sourcecode.swift; path = Item.swift; sourceTree = "<group>"; };
		B1DB327F26639DC30013614F /* AddItemViewController.swift */ = {isa = PBXFileReference; lastKnownFileType = sourcecode.swift; path = AddItemViewController.swift; sourceTree = "<group>"; };
		B1DB328126646BED0013614F /* Reachability.swift */ = {isa = PBXFileReference; lastKnownFileType = sourcecode.swift; path = Reachability.swift; sourceTree = "<group>"; };
		B1DB328326646C110013614F /* Downloader.swift */ = {isa = PBXFileReference; lastKnownFileType = sourcecode.swift; path = Downloader.swift; sourceTree = "<group>"; };
		B1E7560D265FD11C0072EEFB /* eshop.app */ = {isa = PBXFileReference; explicitFileType = wrapper.application; includeInIndex = 0; path = eshop.app; sourceTree = BUILT_PRODUCTS_DIR; };
		B1E75610265FD11C0072EEFB /* AppDelegate.swift */ = {isa = PBXFileReference; lastKnownFileType = sourcecode.swift; path = AppDelegate.swift; sourceTree = "<group>"; };
		B1E75612265FD11C0072EEFB /* SceneDelegate.swift */ = {isa = PBXFileReference; lastKnownFileType = sourcecode.swift; path = SceneDelegate.swift; sourceTree = "<group>"; };
		B1E75617265FD11C0072EEFB /* Base */ = {isa = PBXFileReference; lastKnownFileType = file.storyboard; name = Base; path = Base.lproj/Main.storyboard; sourceTree = "<group>"; };
		B1E75619265FD11F0072EEFB /* Assets.xcassets */ = {isa = PBXFileReference; lastKnownFileType = folder.assetcatalog; path = Assets.xcassets; sourceTree = "<group>"; };
		B1E7561C265FD11F0072EEFB /* Base */ = {isa = PBXFileReference; lastKnownFileType = file.storyboard; name = Base; path = Base.lproj/LaunchScreen.storyboard; sourceTree = "<group>"; };
		B1E7561E265FD11F0072EEFB /* Info.plist */ = {isa = PBXFileReference; lastKnownFileType = text.plist.xml; path = Info.plist; sourceTree = "<group>"; };
		B1E75623265FD11F0072EEFB /* eshopTests.xctest */ = {isa = PBXFileReference; explicitFileType = wrapper.cfbundle; includeInIndex = 0; path = eshopTests.xctest; sourceTree = BUILT_PRODUCTS_DIR; };
		B1E75627265FD11F0072EEFB /* eshopTests.swift */ = {isa = PBXFileReference; lastKnownFileType = sourcecode.swift; path = eshopTests.swift; sourceTree = "<group>"; };
		B1E75629265FD11F0072EEFB /* Info.plist */ = {isa = PBXFileReference; lastKnownFileType = text.plist.xml; path = Info.plist; sourceTree = "<group>"; };
		B1E7562E265FD11F0072EEFB /* eshopUITests.xctest */ = {isa = PBXFileReference; explicitFileType = wrapper.cfbundle; includeInIndex = 0; path = eshopUITests.xctest; sourceTree = BUILT_PRODUCTS_DIR; };
		B1E75632265FD11F0072EEFB /* eshopUITests.swift */ = {isa = PBXFileReference; lastKnownFileType = sourcecode.swift; path = eshopUITests.swift; sourceTree = "<group>"; };
		B1E75634265FD11F0072EEFB /* Info.plist */ = {isa = PBXFileReference; lastKnownFileType = text.plist.xml; path = Info.plist; sourceTree = "<group>"; };
		B8325897151A29F64539B599 /* Pods-eshopTests.release.xcconfig */ = {isa = PBXFileReference; includeInIndex = 1; lastKnownFileType = text.xcconfig; name = "Pods-eshopTests.release.xcconfig"; path = "Target Support Files/Pods-eshopTests/Pods-eshopTests.release.xcconfig"; sourceTree = "<group>"; };
		CEA5E825975114FED9F75367 /* Pods_eshopTests.framework */ = {isa = PBXFileReference; explicitFileType = wrapper.framework; includeInIndex = 0; path = Pods_eshopTests.framework; sourceTree = BUILT_PRODUCTS_DIR; };
/* End PBXFileReference section */

/* Begin PBXFrameworksBuildPhase section */
		B1E7560A265FD11C0072EEFB /* Frameworks */ = {
			isa = PBXFrameworksBuildPhase;
			buildActionMask = 2147483647;
			files = (
				AB296C5B06704FDDFABF0BE3 /* Pods_eshop.framework in Frameworks */,
			);
			runOnlyForDeploymentPostprocessing = 0;
		};
		B1E75620265FD11F0072EEFB /* Frameworks */ = {
			isa = PBXFrameworksBuildPhase;
			buildActionMask = 2147483647;
			files = (
				4DF379209D33CDF39E34CD2A /* Pods_eshopTests.framework in Frameworks */,
			);
			runOnlyForDeploymentPostprocessing = 0;
		};
		B1E7562B265FD11F0072EEFB /* Frameworks */ = {
			isa = PBXFrameworksBuildPhase;
			buildActionMask = 2147483647;
			files = (
				C7BF8CE3E61F35350237D939 /* Pods_eshop_eshopUITests.framework in Frameworks */,
			);
			runOnlyForDeploymentPostprocessing = 0;
		};
/* End PBXFrameworksBuildPhase section */

/* Begin PBXGroup section */
		7EAF3575543EAA1E32DF582E /* Frameworks */ = {
			isa = PBXGroup;
			children = (
				0A07F44A0A83193C559C1879 /* Pods_eshop.framework */,
				2DE681F088DFFF6771CFCBE8 /* Pods_eshop_eshopUITests.framework */,
				CEA5E825975114FED9F75367 /* Pods_eshopTests.framework */,
			);
			name = Frameworks;
			sourceTree = "<group>";
		};
		B1DB326F266237B90013614F /* Helpers */ = {
			isa = PBXGroup;
			children = (
				B1DB326B2661399B0013614F /* FirebaseCollectionReference.swift */,
				B1DB3275266240FC0013614F /* Constants.swift */,
				B1DB328126646BED0013614F /* Reachability.swift */,
				B1DB328326646C110013614F /* Downloader.swift */,
				B10CD6602667AF0E00EA124A /* HelperFunctions.swift */,
			);
			path = Helpers;
			sourceTree = "<group>";
		};
		B1DB3274266238340013614F /* Model */ = {
			isa = PBXGroup;
			children = (
				B1DB32722662382B0013614F /* Category.swift */,
				B1DB327D26636EFE0013614F /* Item.swift */,
				B10CD66626689E5700EA124A /* Basket.swift */,
			);
			path = Model;
			sourceTree = "<group>";
		};
		B1DB32772662950F0013614F /* Custom Cells */ = {
			isa = PBXGroup;
			children = (
				B1DB3267266135640013614F /* CategoryCollectionViewCell.swift */,
				B10CD65E26653CB200EA124A /* ItemTableViewCell.swift */,
				B10CD6642667CAB000EA124A /* ImageCollectionViewCell.swift */,
			);
			path = "Custom Cells";
			sourceTree = "<group>";
		};
		B1DB3278266296150013614F /* Main Views */ = {
			isa = PBXGroup;
			children = (
				B1DB3265266133F00013614F /* CategoryCollectionViewController.swift */,
				B1DB327B2663512B0013614F /* ItemsTableViewController.swift */,
				B1DB327F26639DC30013614F /* AddItemViewController.swift */,
				B10CD6622667B5FA00EA124A /* ItemViewController.swift */,
			);
			path = "Main Views";
			sourceTree = "<group>";
		};
		B1E75604265FD11C0072EEFB = {
			isa = PBXGroup;
			children = (
				B1E7560F265FD11C0072EEFB /* eshop */,
				B1E75626265FD11F0072EEFB /* eshopTests */,
				B1E75631265FD11F0072EEFB /* eshopUITests */,
				B1E7560E265FD11C0072EEFB /* Products */,
				EFCA7E149C15A1DB29ABE5E5 /* Pods */,
				7EAF3575543EAA1E32DF582E /* Frameworks */,
			);
			sourceTree = "<group>";
		};
		B1E7560E265FD11C0072EEFB /* Products */ = {
			isa = PBXGroup;
			children = (
				B1E7560D265FD11C0072EEFB /* eshop.app */,
				B1E75623265FD11F0072EEFB /* eshopTests.xctest */,
				B1E7562E265FD11F0072EEFB /* eshopUITests.xctest */,
			);
			name = Products;
			sourceTree = "<group>";
		};
		B1E7560F265FD11C0072EEFB /* eshop */ = {
			isa = PBXGroup;
			children = (
				B1DB3278266296150013614F /* Main Views */,
				B1DB32772662950F0013614F /* Custom Cells */,
				B1DB326F266237B90013614F /* Helpers */,
				B1DB326D266147350013614F /* GoogleService-Info.plist */,
				B1E75610265FD11C0072EEFB /* AppDelegate.swift */,
				B1E75612265FD11C0072EEFB /* SceneDelegate.swift */,
				B1DB3274266238340013614F /* Model */,
				B1E75616265FD11C0072EEFB /* Main.storyboard */,
				B1E75619265FD11F0072EEFB /* Assets.xcassets */,
				B1E7561B265FD11F0072EEFB /* LaunchScreen.storyboard */,
				B1E7561E265FD11F0072EEFB /* Info.plist */,
				B1DB32692661375F0013614F /* GoogleService-Info.plist */,
			);
			path = eshop;
			sourceTree = "<group>";
		};
		B1E75626265FD11F0072EEFB /* eshopTests */ = {
			isa = PBXGroup;
			children = (
				B1E75627265FD11F0072EEFB /* eshopTests.swift */,
				B1E75629265FD11F0072EEFB /* Info.plist */,
			);
			path = eshopTests;
			sourceTree = "<group>";
		};
		B1E75631265FD11F0072EEFB /* eshopUITests */ = {
			isa = PBXGroup;
			children = (
				B1E75632265FD11F0072EEFB /* eshopUITests.swift */,
				B1E75634265FD11F0072EEFB /* Info.plist */,
			);
			path = eshopUITests;
			sourceTree = "<group>";
		};
		EFCA7E149C15A1DB29ABE5E5 /* Pods */ = {
			isa = PBXGroup;
			children = (
				7102C166BF2A3CE2508A3B3B /* Pods-eshop.debug.xcconfig */,
				949FF84602BB53BC52CC33BE /* Pods-eshop.release.xcconfig */,
				7C8B29F38863A200EFD967FC /* Pods-eshop-eshopUITests.debug.xcconfig */,
				0C9DB7A0C474DB7FAFAF4BCD /* Pods-eshop-eshopUITests.release.xcconfig */,
				3BFDB411281A6F769C5B63B1 /* Pods-eshopTests.debug.xcconfig */,
				B8325897151A29F64539B599 /* Pods-eshopTests.release.xcconfig */,
			);
			path = Pods;
			sourceTree = "<group>";
		};
/* End PBXGroup section */

/* Begin PBXNativeTarget section */
		B1E7560C265FD11C0072EEFB /* eshop */ = {
			isa = PBXNativeTarget;
			buildConfigurationList = B1E75637265FD11F0072EEFB /* Build configuration list for PBXNativeTarget "eshop" */;
			buildPhases = (
				3E080213588C6AE10309A0F3 /* [CP] Check Pods Manifest.lock */,
				B1E75609265FD11C0072EEFB /* Sources */,
				B1E7560A265FD11C0072EEFB /* Frameworks */,
				B1E7560B265FD11C0072EEFB /* Resources */,
				F67F51338CE32950F2047FB4 /* [CP] Embed Pods Frameworks */,
			);
			buildRules = (
			);
			dependencies = (
			);
			name = eshop;
			productName = eshop;
			productReference = B1E7560D265FD11C0072EEFB /* eshop.app */;
			productType = "com.apple.product-type.application";
		};
		B1E75622265FD11F0072EEFB /* eshopTests */ = {
			isa = PBXNativeTarget;
			buildConfigurationList = B1E7563A265FD11F0072EEFB /* Build configuration list for PBXNativeTarget "eshopTests" */;
			buildPhases = (
				8C3DCFD659BAE1EAAB826CEA /* [CP] Check Pods Manifest.lock */,
				B1E7561F265FD11F0072EEFB /* Sources */,
				B1E75620265FD11F0072EEFB /* Frameworks */,
				B1E75621265FD11F0072EEFB /* Resources */,
			);
			buildRules = (
			);
			dependencies = (
				B1E75625265FD11F0072EEFB /* PBXTargetDependency */,
			);
			name = eshopTests;
			productName = eshopTests;
			productReference = B1E75623265FD11F0072EEFB /* eshopTests.xctest */;
			productType = "com.apple.product-type.bundle.unit-test";
		};
		B1E7562D265FD11F0072EEFB /* eshopUITests */ = {
			isa = PBXNativeTarget;
			buildConfigurationList = B1E7563D265FD11F0072EEFB /* Build configuration list for PBXNativeTarget "eshopUITests" */;
			buildPhases = (
				B695F1979159EE2DE6A80A96 /* [CP] Check Pods Manifest.lock */,
				B1E7562A265FD11F0072EEFB /* Sources */,
				B1E7562B265FD11F0072EEFB /* Frameworks */,
				B1E7562C265FD11F0072EEFB /* Resources */,
				1D8C82C0B830B2644B2FE511 /* [CP] Embed Pods Frameworks */,
			);
			buildRules = (
			);
			dependencies = (
				B1E75630265FD11F0072EEFB /* PBXTargetDependency */,
			);
			name = eshopUITests;
			productName = eshopUITests;
			productReference = B1E7562E265FD11F0072EEFB /* eshopUITests.xctest */;
			productType = "com.apple.product-type.bundle.ui-testing";
		};
/* End PBXNativeTarget section */

/* Begin PBXProject section */
		B1E75605265FD11C0072EEFB /* Project object */ = {
			isa = PBXProject;
			attributes = {
				LastSwiftUpdateCheck = 1130;
				LastUpgradeCheck = 1130;
				ORGANIZATIONNAME = ikikika;
				TargetAttributes = {
					B1E7560C265FD11C0072EEFB = {
						CreatedOnToolsVersion = 11.3.1;
					};
					B1E75622265FD11F0072EEFB = {
						CreatedOnToolsVersion = 11.3.1;
						TestTargetID = B1E7560C265FD11C0072EEFB;
					};
					B1E7562D265FD11F0072EEFB = {
						CreatedOnToolsVersion = 11.3.1;
						TestTargetID = B1E7560C265FD11C0072EEFB;
					};
				};
			};
			buildConfigurationList = B1E75608265FD11C0072EEFB /* Build configuration list for PBXProject "eshop" */;
			compatibilityVersion = "Xcode 9.3";
			developmentRegion = en;
			hasScannedForEncodings = 0;
			knownRegions = (
				en,
				Base,
			);
			mainGroup = B1E75604265FD11C0072EEFB;
			productRefGroup = B1E7560E265FD11C0072EEFB /* Products */;
			projectDirPath = "";
			projectRoot = "";
			targets = (
				B1E7560C265FD11C0072EEFB /* eshop */,
				B1E75622265FD11F0072EEFB /* eshopTests */,
				B1E7562D265FD11F0072EEFB /* eshopUITests */,
			);
		};
/* End PBXProject section */

/* Begin PBXResourcesBuildPhase section */
		B1E7560B265FD11C0072EEFB /* Resources */ = {
			isa = PBXResourcesBuildPhase;
			buildActionMask = 2147483647;
			files = (
				B1E7561D265FD11F0072EEFB /* LaunchScreen.storyboard in Resources */,
				B1DB326A2661375F0013614F /* GoogleService-Info.plist in Resources */,
				B1DB326E266147350013614F /* GoogleService-Info.plist in Resources */,
				B1E7561A265FD11F0072EEFB /* Assets.xcassets in Resources */,
				B1E75618265FD11C0072EEFB /* Main.storyboard in Resources */,
			);
			runOnlyForDeploymentPostprocessing = 0;
		};
		B1E75621265FD11F0072EEFB /* Resources */ = {
			isa = PBXResourcesBuildPhase;
			buildActionMask = 2147483647;
			files = (
			);
			runOnlyForDeploymentPostprocessing = 0;
		};
		B1E7562C265FD11F0072EEFB /* Resources */ = {
			isa = PBXResourcesBuildPhase;
			buildActionMask = 2147483647;
			files = (
			);
			runOnlyForDeploymentPostprocessing = 0;
		};
/* End PBXResourcesBuildPhase section */

/* Begin PBXShellScriptBuildPhase section */
		1D8C82C0B830B2644B2FE511 /* [CP] Embed Pods Frameworks */ = {
			isa = PBXShellScriptBuildPhase;
			buildActionMask = 2147483647;
			files = (
			);
			inputFileListPaths = (
				"${PODS_ROOT}/Target Support Files/Pods-eshop-eshopUITests/Pods-eshop-eshopUITests-frameworks-${CONFIGURATION}-input-files.xcfilelist",
			);
			name = "[CP] Embed Pods Frameworks";
			outputFileListPaths = (
				"${PODS_ROOT}/Target Support Files/Pods-eshop-eshopUITests/Pods-eshop-eshopUITests-frameworks-${CONFIGURATION}-output-files.xcfilelist",
			);
			runOnlyForDeploymentPostprocessing = 0;
			shellPath = /bin/sh;
			shellScript = "\"${PODS_ROOT}/Target Support Files/Pods-eshop-eshopUITests/Pods-eshop-eshopUITests-frameworks.sh\"\n";
			showEnvVarsInLog = 0;
		};
		3E080213588C6AE10309A0F3 /* [CP] Check Pods Manifest.lock */ = {
			isa = PBXShellScriptBuildPhase;
			buildActionMask = 2147483647;
			files = (
			);
			inputFileListPaths = (
			);
			inputPaths = (
				"${PODS_PODFILE_DIR_PATH}/Podfile.lock",
				"${PODS_ROOT}/Manifest.lock",
			);
			name = "[CP] Check Pods Manifest.lock";
			outputFileListPaths = (
			);
			outputPaths = (
				"$(DERIVED_FILE_DIR)/Pods-eshop-checkManifestLockResult.txt",
			);
			runOnlyForDeploymentPostprocessing = 0;
			shellPath = /bin/sh;
			shellScript = "diff \"${PODS_PODFILE_DIR_PATH}/Podfile.lock\" \"${PODS_ROOT}/Manifest.lock\" > /dev/null\nif [ $? != 0 ] ; then\n    # print error to STDERR\n    echo \"error: The sandbox is not in sync with the Podfile.lock. Run 'pod install' or update your CocoaPods installation.\" >&2\n    exit 1\nfi\n# This output is used by Xcode 'outputs' to avoid re-running this script phase.\necho \"SUCCESS\" > \"${SCRIPT_OUTPUT_FILE_0}\"\n";
			showEnvVarsInLog = 0;
		};
		8C3DCFD659BAE1EAAB826CEA /* [CP] Check Pods Manifest.lock */ = {
			isa = PBXShellScriptBuildPhase;
			buildActionMask = 2147483647;
			files = (
			);
			inputFileListPaths = (
			);
			inputPaths = (
				"${PODS_PODFILE_DIR_PATH}/Podfile.lock",
				"${PODS_ROOT}/Manifest.lock",
			);
			name = "[CP] Check Pods Manifest.lock";
			outputFileListPaths = (
			);
			outputPaths = (
				"$(DERIVED_FILE_DIR)/Pods-eshopTests-checkManifestLockResult.txt",
			);
			runOnlyForDeploymentPostprocessing = 0;
			shellPath = /bin/sh;
			shellScript = "diff \"${PODS_PODFILE_DIR_PATH}/Podfile.lock\" \"${PODS_ROOT}/Manifest.lock\" > /dev/null\nif [ $? != 0 ] ; then\n    # print error to STDERR\n    echo \"error: The sandbox is not in sync with the Podfile.lock. Run 'pod install' or update your CocoaPods installation.\" >&2\n    exit 1\nfi\n# This output is used by Xcode 'outputs' to avoid re-running this script phase.\necho \"SUCCESS\" > \"${SCRIPT_OUTPUT_FILE_0}\"\n";
			showEnvVarsInLog = 0;
		};
		B695F1979159EE2DE6A80A96 /* [CP] Check Pods Manifest.lock */ = {
			isa = PBXShellScriptBuildPhase;
			buildActionMask = 2147483647;
			files = (
			);
			inputFileListPaths = (
			);
			inputPaths = (
				"${PODS_PODFILE_DIR_PATH}/Podfile.lock",
				"${PODS_ROOT}/Manifest.lock",
			);
			name = "[CP] Check Pods Manifest.lock";
			outputFileListPaths = (
			);
			outputPaths = (
				"$(DERIVED_FILE_DIR)/Pods-eshop-eshopUITests-checkManifestLockResult.txt",
			);
			runOnlyForDeploymentPostprocessing = 0;
			shellPath = /bin/sh;
			shellScript = "diff \"${PODS_PODFILE_DIR_PATH}/Podfile.lock\" \"${PODS_ROOT}/Manifest.lock\" > /dev/null\nif [ $? != 0 ] ; then\n    # print error to STDERR\n    echo \"error: The sandbox is not in sync with the Podfile.lock. Run 'pod install' or update your CocoaPods installation.\" >&2\n    exit 1\nfi\n# This output is used by Xcode 'outputs' to avoid re-running this script phase.\necho \"SUCCESS\" > \"${SCRIPT_OUTPUT_FILE_0}\"\n";
			showEnvVarsInLog = 0;
		};
		F67F51338CE32950F2047FB4 /* [CP] Embed Pods Frameworks */ = {
			isa = PBXShellScriptBuildPhase;
			buildActionMask = 2147483647;
			files = (
			);
			inputFileListPaths = (
				"${PODS_ROOT}/Target Support Files/Pods-eshop/Pods-eshop-frameworks-${CONFIGURATION}-input-files.xcfilelist",
			);
			name = "[CP] Embed Pods Frameworks";
			outputFileListPaths = (
				"${PODS_ROOT}/Target Support Files/Pods-eshop/Pods-eshop-frameworks-${CONFIGURATION}-output-files.xcfilelist",
			);
			runOnlyForDeploymentPostprocessing = 0;
			shellPath = /bin/sh;
			shellScript = "\"${PODS_ROOT}/Target Support Files/Pods-eshop/Pods-eshop-frameworks.sh\"\n";
			showEnvVarsInLog = 0;
		};
/* End PBXShellScriptBuildPhase section */

/* Begin PBXSourcesBuildPhase section */
		B1E75609265FD11C0072EEFB /* Sources */ = {
			isa = PBXSourcesBuildPhase;
			buildActionMask = 2147483647;
			files = (
				B1DB3268266135640013614F /* CategoryCollectionViewCell.swift in Sources */,
				B1DB327E26636EFE0013614F /* Item.swift in Sources */,
				B10CD6652667CAB000EA124A /* ImageCollectionViewCell.swift in Sources */,
				B10CD6632667B5FA00EA124A /* ItemViewController.swift in Sources */,
				B1DB328426646C110013614F /* Downloader.swift in Sources */,
				B1E75611265FD11C0072EEFB /* AppDelegate.swift in Sources */,
				B1DB327C2663512B0013614F /* ItemsTableViewController.swift in Sources */,
				B1DB326C2661399B0013614F /* FirebaseCollectionReference.swift in Sources */,
				B10CD66726689E5700EA124A /* Basket.swift in Sources */,
				B10CD65F26653CB200EA124A /* ItemTableViewCell.swift in Sources */,
				B10CD6612667AF0E00EA124A /* HelperFunctions.swift in Sources */,
				B1DB328026639DC30013614F /* AddItemViewController.swift in Sources */,
				B1E75613265FD11C0072EEFB /* SceneDelegate.swift in Sources */,
				B1DB328226646BED0013614F /* Reachability.swift in Sources */,
				B1DB3276266240FC0013614F /* Constants.swift in Sources */,
				B1DB3266266133F00013614F /* CategoryCollectionViewController.swift in Sources */,
				B1DB32732662382B0013614F /* Category.swift in Sources */,
			);
			runOnlyForDeploymentPostprocessing = 0;
		};
		B1E7561F265FD11F0072EEFB /* Sources */ = {
			isa = PBXSourcesBuildPhase;
			buildActionMask = 2147483647;
			files = (
				B1E75628265FD11F0072EEFB /* eshopTests.swift in Sources */,
			);
			runOnlyForDeploymentPostprocessing = 0;
		};
		B1E7562A265FD11F0072EEFB /* Sources */ = {
			isa = PBXSourcesBuildPhase;
			buildActionMask = 2147483647;
			files = (
				B1E75633265FD11F0072EEFB /* eshopUITests.swift in Sources */,
			);
			runOnlyForDeploymentPostprocessing = 0;
		};
/* End PBXSourcesBuildPhase section */

/* Begin PBXTargetDependency section */
		B1E75625265FD11F0072EEFB /* PBXTargetDependency */ = {
			isa = PBXTargetDependency;
			target = B1E7560C265FD11C0072EEFB /* eshop */;
			targetProxy = B1E75624265FD11F0072EEFB /* PBXContainerItemProxy */;
		};
		B1E75630265FD11F0072EEFB /* PBXTargetDependency */ = {
			isa = PBXTargetDependency;
			target = B1E7560C265FD11C0072EEFB /* eshop */;
			targetProxy = B1E7562F265FD11F0072EEFB /* PBXContainerItemProxy */;
		};
/* End PBXTargetDependency section */

/* Begin PBXVariantGroup section */
		B1E75616265FD11C0072EEFB /* Main.storyboard */ = {
			isa = PBXVariantGroup;
			children = (
				B1E75617265FD11C0072EEFB /* Base */,
			);
			name = Main.storyboard;
			sourceTree = "<group>";
		};
		B1E7561B265FD11F0072EEFB /* LaunchScreen.storyboard */ = {
			isa = PBXVariantGroup;
			children = (
				B1E7561C265FD11F0072EEFB /* Base */,
			);
			name = LaunchScreen.storyboard;
			sourceTree = "<group>";
		};
/* End PBXVariantGroup section */

/* Begin XCBuildConfiguration section */
		B1E75635265FD11F0072EEFB /* Debug */ = {
			isa = XCBuildConfiguration;
			buildSettings = {
				ALWAYS_SEARCH_USER_PATHS = NO;
				CLANG_ANALYZER_NONNULL = YES;
				CLANG_ANALYZER_NUMBER_OBJECT_CONVERSION = YES_AGGRESSIVE;
				CLANG_CXX_LANGUAGE_STANDARD = "gnu++14";
				CLANG_CXX_LIBRARY = "libc++";
				CLANG_ENABLE_MODULES = YES;
				CLANG_ENABLE_OBJC_ARC = YES;
				CLANG_ENABLE_OBJC_WEAK = YES;
				CLANG_WARN_BLOCK_CAPTURE_AUTORELEASING = YES;
				CLANG_WARN_BOOL_CONVERSION = YES;
				CLANG_WARN_COMMA = YES;
				CLANG_WARN_CONSTANT_CONVERSION = YES;
				CLANG_WARN_DEPRECATED_OBJC_IMPLEMENTATIONS = YES;
				CLANG_WARN_DIRECT_OBJC_ISA_USAGE = YES_ERROR;
				CLANG_WARN_DOCUMENTATION_COMMENTS = YES;
				CLANG_WARN_EMPTY_BODY = YES;
				CLANG_WARN_ENUM_CONVERSION = YES;
				CLANG_WARN_INFINITE_RECURSION = YES;
				CLANG_WARN_INT_CONVERSION = YES;
				CLANG_WARN_NON_LITERAL_NULL_CONVERSION = YES;
				CLANG_WARN_OBJC_IMPLICIT_RETAIN_SELF = YES;
				CLANG_WARN_OBJC_LITERAL_CONVERSION = YES;
				CLANG_WARN_OBJC_ROOT_CLASS = YES_ERROR;
				CLANG_WARN_RANGE_LOOP_ANALYSIS = YES;
				CLANG_WARN_STRICT_PROTOTYPES = YES;
				CLANG_WARN_SUSPICIOUS_MOVE = YES;
				CLANG_WARN_UNGUARDED_AVAILABILITY = YES_AGGRESSIVE;
				CLANG_WARN_UNREACHABLE_CODE = YES;
				CLANG_WARN__DUPLICATE_METHOD_MATCH = YES;
				COPY_PHASE_STRIP = NO;
				DEBUG_INFORMATION_FORMAT = dwarf;
				ENABLE_STRICT_OBJC_MSGSEND = YES;
				ENABLE_TESTABILITY = YES;
				GCC_C_LANGUAGE_STANDARD = gnu11;
				GCC_DYNAMIC_NO_PIC = NO;
				GCC_NO_COMMON_BLOCKS = YES;
				GCC_OPTIMIZATION_LEVEL = 0;
				GCC_PREPROCESSOR_DEFINITIONS = (
					"DEBUG=1",
					"$(inherited)",
				);
				GCC_WARN_64_TO_32_BIT_CONVERSION = YES;
				GCC_WARN_ABOUT_RETURN_TYPE = YES_ERROR;
				GCC_WARN_UNDECLARED_SELECTOR = YES;
				GCC_WARN_UNINITIALIZED_AUTOS = YES_AGGRESSIVE;
				GCC_WARN_UNUSED_FUNCTION = YES;
				GCC_WARN_UNUSED_VARIABLE = YES;
				IPHONEOS_DEPLOYMENT_TARGET = 13.2;
				MTL_ENABLE_DEBUG_INFO = INCLUDE_SOURCE;
				MTL_FAST_MATH = YES;
				ONLY_ACTIVE_ARCH = YES;
				SDKROOT = iphoneos;
				SWIFT_ACTIVE_COMPILATION_CONDITIONS = DEBUG;
				SWIFT_OPTIMIZATION_LEVEL = "-Onone";
			};
			name = Debug;
		};
		B1E75636265FD11F0072EEFB /* Release */ = {
			isa = XCBuildConfiguration;
			buildSettings = {
				ALWAYS_SEARCH_USER_PATHS = NO;
				CLANG_ANALYZER_NONNULL = YES;
				CLANG_ANALYZER_NUMBER_OBJECT_CONVERSION = YES_AGGRESSIVE;
				CLANG_CXX_LANGUAGE_STANDARD = "gnu++14";
				CLANG_CXX_LIBRARY = "libc++";
				CLANG_ENABLE_MODULES = YES;
				CLANG_ENABLE_OBJC_ARC = YES;
				CLANG_ENABLE_OBJC_WEAK = YES;
				CLANG_WARN_BLOCK_CAPTURE_AUTORELEASING = YES;
				CLANG_WARN_BOOL_CONVERSION = YES;
				CLANG_WARN_COMMA = YES;
				CLANG_WARN_CONSTANT_CONVERSION = YES;
				CLANG_WARN_DEPRECATED_OBJC_IMPLEMENTATIONS = YES;
				CLANG_WARN_DIRECT_OBJC_ISA_USAGE = YES_ERROR;
				CLANG_WARN_DOCUMENTATION_COMMENTS = YES;
				CLANG_WARN_EMPTY_BODY = YES;
				CLANG_WARN_ENUM_CONVERSION = YES;
				CLANG_WARN_INFINITE_RECURSION = YES;
				CLANG_WARN_INT_CONVERSION = YES;
				CLANG_WARN_NON_LITERAL_NULL_CONVERSION = YES;
				CLANG_WARN_OBJC_IMPLICIT_RETAIN_SELF = YES;
				CLANG_WARN_OBJC_LITERAL_CONVERSION = YES;
				CLANG_WARN_OBJC_ROOT_CLASS = YES_ERROR;
				CLANG_WARN_RANGE_LOOP_ANALYSIS = YES;
				CLANG_WARN_STRICT_PROTOTYPES = YES;
				CLANG_WARN_SUSPICIOUS_MOVE = YES;
				CLANG_WARN_UNGUARDED_AVAILABILITY = YES_AGGRESSIVE;
				CLANG_WARN_UNREACHABLE_CODE = YES;
				CLANG_WARN__DUPLICATE_METHOD_MATCH = YES;
				COPY_PHASE_STRIP = NO;
				DEBUG_INFORMATION_FORMAT = "dwarf-with-dsym";
				ENABLE_NS_ASSERTIONS = NO;
				ENABLE_STRICT_OBJC_MSGSEND = YES;
				GCC_C_LANGUAGE_STANDARD = gnu11;
				GCC_NO_COMMON_BLOCKS = YES;
				GCC_WARN_64_TO_32_BIT_CONVERSION = YES;
				GCC_WARN_ABOUT_RETURN_TYPE = YES_ERROR;
				GCC_WARN_UNDECLARED_SELECTOR = YES;
				GCC_WARN_UNINITIALIZED_AUTOS = YES_AGGRESSIVE;
				GCC_WARN_UNUSED_FUNCTION = YES;
				GCC_WARN_UNUSED_VARIABLE = YES;
				IPHONEOS_DEPLOYMENT_TARGET = 13.2;
				MTL_ENABLE_DEBUG_INFO = NO;
				MTL_FAST_MATH = YES;
				SDKROOT = iphoneos;
				SWIFT_COMPILATION_MODE = wholemodule;
				SWIFT_OPTIMIZATION_LEVEL = "-O";
				VALIDATE_PRODUCT = YES;
			};
			name = Release;
		};
		B1E75638265FD11F0072EEFB /* Debug */ = {
			isa = XCBuildConfiguration;
			baseConfigurationReference = 7102C166BF2A3CE2508A3B3B /* Pods-eshop.debug.xcconfig */;
			buildSettings = {
				ASSETCATALOG_COMPILER_APPICON_NAME = AppIcon;
				CODE_SIGN_STYLE = Automatic;
				INFOPLIST_FILE = eshop/Info.plist;
				LD_RUNPATH_SEARCH_PATHS = (
					"$(inherited)",
					"@executable_path/Frameworks",
				);
				PRODUCT_BUNDLE_IDENTIFIER = com.ikikiks.eshop;
				PRODUCT_NAME = "$(TARGET_NAME)";
				SWIFT_VERSION = 5.0;
				TARGETED_DEVICE_FAMILY = "1,2";
			};
			name = Debug;
		};
		B1E75639265FD11F0072EEFB /* Release */ = {
			isa = XCBuildConfiguration;
			baseConfigurationReference = 949FF84602BB53BC52CC33BE /* Pods-eshop.release.xcconfig */;
			buildSettings = {
				ASSETCATALOG_COMPILER_APPICON_NAME = AppIcon;
				CODE_SIGN_STYLE = Automatic;
				INFOPLIST_FILE = eshop/Info.plist;
				LD_RUNPATH_SEARCH_PATHS = (
					"$(inherited)",
					"@executable_path/Frameworks",
				);
				PRODUCT_BUNDLE_IDENTIFIER = com.ikikiks.eshop;
				PRODUCT_NAME = "$(TARGET_NAME)";
				SWIFT_VERSION = 5.0;
				TARGETED_DEVICE_FAMILY = "1,2";
			};
			name = Release;
		};
		B1E7563B265FD11F0072EEFB /* Debug */ = {
			isa = XCBuildConfiguration;
			baseConfigurationReference = 3BFDB411281A6F769C5B63B1 /* Pods-eshopTests.debug.xcconfig */;
			buildSettings = {
				ALWAYS_EMBED_SWIFT_STANDARD_LIBRARIES = YES;
				BUNDLE_LOADER = "$(TEST_HOST)";
				CODE_SIGN_STYLE = Automatic;
				INFOPLIST_FILE = eshopTests/Info.plist;
				IPHONEOS_DEPLOYMENT_TARGET = 13.2;
				LD_RUNPATH_SEARCH_PATHS = (
					"$(inherited)",
					"@executable_path/Frameworks",
					"@loader_path/Frameworks",
				);
				PRODUCT_BUNDLE_IDENTIFIER = com.ikikiks.eshopTests;
				PRODUCT_NAME = "$(TARGET_NAME)";
				SWIFT_VERSION = 5.0;
				TARGETED_DEVICE_FAMILY = "1,2";
				TEST_HOST = "$(BUILT_PRODUCTS_DIR)/eshop.app/eshop";
			};
			name = Debug;
		};
		B1E7563C265FD11F0072EEFB /* Release */ = {
			isa = XCBuildConfiguration;
			baseConfigurationReference = B8325897151A29F64539B599 /* Pods-eshopTests.release.xcconfig */;
			buildSettings = {
				ALWAYS_EMBED_SWIFT_STANDARD_LIBRARIES = YES;
				BUNDLE_LOADER = "$(TEST_HOST)";
				CODE_SIGN_STYLE = Automatic;
				INFOPLIST_FILE = eshopTests/Info.plist;
				IPHONEOS_DEPLOYMENT_TARGET = 13.2;
				LD_RUNPATH_SEARCH_PATHS = (
					"$(inherited)",
					"@executable_path/Frameworks",
					"@loader_path/Frameworks",
				);
				PRODUCT_BUNDLE_IDENTIFIER = com.ikikiks.eshopTests;
				PRODUCT_NAME = "$(TARGET_NAME)";
				SWIFT_VERSION = 5.0;
				TARGETED_DEVICE_FAMILY = "1,2";
				TEST_HOST = "$(BUILT_PRODUCTS_DIR)/eshop.app/eshop";
			};
			name = Release;
		};
		B1E7563E265FD11F0072EEFB /* Debug */ = {
			isa = XCBuildConfiguration;
			baseConfigurationReference = 7C8B29F38863A200EFD967FC /* Pods-eshop-eshopUITests.debug.xcconfig */;
			buildSettings = {
				ALWAYS_EMBED_SWIFT_STANDARD_LIBRARIES = YES;
				CODE_SIGN_STYLE = Automatic;
				INFOPLIST_FILE = eshopUITests/Info.plist;
				LD_RUNPATH_SEARCH_PATHS = (
					"$(inherited)",
					"@executable_path/Frameworks",
					"@loader_path/Frameworks",
				);
				PRODUCT_BUNDLE_IDENTIFIER = com.ikikiks.eshopUITests;
				PRODUCT_NAME = "$(TARGET_NAME)";
				SWIFT_VERSION = 5.0;
				TARGETED_DEVICE_FAMILY = "1,2";
				TEST_TARGET_NAME = eshop;
			};
			name = Debug;
		};
		B1E7563F265FD11F0072EEFB /* Release */ = {
			isa = XCBuildConfiguration;
			baseConfigurationReference = 0C9DB7A0C474DB7FAFAF4BCD /* Pods-eshop-eshopUITests.release.xcconfig */;
			buildSettings = {
				ALWAYS_EMBED_SWIFT_STANDARD_LIBRARIES = YES;
				CODE_SIGN_STYLE = Automatic;
				INFOPLIST_FILE = eshopUITests/Info.plist;
				LD_RUNPATH_SEARCH_PATHS = (
					"$(inherited)",
					"@executable_path/Frameworks",
					"@loader_path/Frameworks",
				);
				PRODUCT_BUNDLE_IDENTIFIER = com.ikikiks.eshopUITests;
				PRODUCT_NAME = "$(TARGET_NAME)";
				SWIFT_VERSION = 5.0;
				TARGETED_DEVICE_FAMILY = "1,2";
				TEST_TARGET_NAME = eshop;
			};
			name = Release;
		};
/* End XCBuildConfiguration section */

/* Begin XCConfigurationList section */
		B1E75608265FD11C0072EEFB /* Build configuration list for PBXProject "eshop" */ = {
			isa = XCConfigurationList;
			buildConfigurations = (
				B1E75635265FD11F0072EEFB /* Debug */,
				B1E75636265FD11F0072EEFB /* Release */,
			);
			defaultConfigurationIsVisible = 0;
			defaultConfigurationName = Release;
		};
		B1E75637265FD11F0072EEFB /* Build configuration list for PBXNativeTarget "eshop" */ = {
			isa = XCConfigurationList;
			buildConfigurations = (
				B1E75638265FD11F0072EEFB /* Debug */,
				B1E75639265FD11F0072EEFB /* Release */,
			);
			defaultConfigurationIsVisible = 0;
			defaultConfigurationName = Release;
		};
		B1E7563A265FD11F0072EEFB /* Build configuration list for PBXNativeTarget "eshopTests" */ = {
			isa = XCConfigurationList;
			buildConfigurations = (
				B1E7563B265FD11F0072EEFB /* Debug */,
				B1E7563C265FD11F0072EEFB /* Release */,
			);
			defaultConfigurationIsVisible = 0;
			defaultConfigurationName = Release;
		};
		B1E7563D265FD11F0072EEFB /* Build configuration list for PBXNativeTarget "eshopUITests" */ = {
			isa = XCConfigurationList;
			buildConfigurations = (
				B1E7563E265FD11F0072EEFB /* Debug */,
				B1E7563F265FD11F0072EEFB /* Release */,
			);
			defaultConfigurationIsVisible = 0;
			defaultConfigurationName = Release;
		};
/* End XCConfigurationList section */
	};
	rootObject = B1E75605265FD11C0072EEFB /* Project object */;
}
